
Microsoft Visual Studio Solution File, Format Version 9.00
# Visual Studio 2005
Project("{FAE04EC0-301F-11D3-BF4B-00C04F79EFBC}") = "Sycorax Control Center", "Sycorax Control Center\Sycorax Control Center.csproj", "{A310DE6D-EC52-43A3-A217-76515C041508}"
EndProject
Project("{FAE04EC0-301F-11D3-BF4B-00C04F79EFBC}") = "Sycorax Library", "Sycorax Library\Sycorax Library.csproj", "{F44648CC-244D-4FE8-A8B4-6629209EFBE6}"
EndProject
Project("{FAE04EC0-301F-11D3-BF4B-00C04F79EFBC}") = "Sycorax Auto Update", "Sycorax Auto Update\Sycorax Auto Update.csproj", "{63F94995-792D-44F7-86BB-E3C4DE4DA109}"
EndProject
Project("{FAE04EC0-301F-11D3-BF4B-00C04F79EFBC}") = "Sycorax Auto Update CLI", "Sycorax Auto Update CLI\Sycorax Auto Update CLI.csproj", "{3C360CD4-C9F4-48B6-865B-4C140E7617A1}"
EndProject
Project("{E729F059-12D4-455F-A2A4-FDA8DD25E08A}") = "SetupMSI", "SetupMSI\SetupMSI.isproj", "{E584AC38-02CF-4070-98F6-C7B5CB567C36}"
EndProject
Project("{FAE04EC0-301F-11D3-BF4B-00C04F79EFBC}") = "Sycorax Setup Wizard", "Sycorax Setup Wizard\Sycorax Setup Wizard.csproj", "{F7AFD556-A27F-4893-928E-3775A7399FA0}"
	ProjectSection(ProjectDependencies) = postProject
		{F44648CC-244D-4FE8-A8B4-6629209EFBE6} = {F44648CC-244D-4FE8-A8B4-6629209EFBE6}
	EndProjectSection
EndProject
Project("{FAE04EC0-301F-11D3-BF4B-00C04F79EFBC}") = "Sycorax Winamp Gateway", "Sycorax Winamp Gateway\Sycorax Winamp Gateway.csproj", "{25D5E23B-7701-4FBE-A7B7-32ACF2D3E165}"
EndProject
Project("{FAE04EC0-301F-11D3-BF4B-00C04F79EFBC}") = "Sycorax Winamp Pilot", "Sycorax Winamp Pilot\Sycorax Winamp Pilot.csproj", "{610A2DB1-1374-4D4A-8D4B-0A11A367393B}"
EndProject
Global
	GlobalSection(SolutionConfigurationPlatforms) = preSolution
		Debug|Any CPU = Debug|Any CPU
		Release|Any CPU = Release|Any CPU
	EndGlobalSection
	GlobalSection(ProjectConfigurationPlatforms) = postSolution
		{A310DE6D-EC52-43A3-A217-76515C041508}.Debug|Any CPU.ActiveCfg = Debug|Any CPU
		{A310DE6D-EC52-43A3-A217-76515C041508}.Debug|Any CPU.Build.0 = Debug|Any CPU
		{A310DE6D-EC52-43A3-A217-76515C041508}.Release|Any CPU.ActiveCfg = Release|Any CPU
		{A310DE6D-EC52-43A3-A217-76515C041508}.Release|Any CPU.Build.0 = Release|Any CPU
		{F44648CC-244D-4FE8-A8B4-6629209EFBE6}.Debug|Any CPU.ActiveCfg = Debug|Any CPU
		{F44648CC-244D-4FE8-A8B4-6629209EFBE6}.Debug|Any CPU.Build.0 = Debug|Any CPU
		{F44648CC-244D-4FE8-A8B4-6629209EFBE6}.Release|Any CPU.ActiveCfg = Release|Any CPU
		{F44648CC-244D-4FE8-A8B4-6629209EFBE6}.Release|Any CPU.Build.0 = Release|Any CPU
		{63F94995-792D-44F7-86BB-E3C4DE4DA109}.Debug|Any CPU.ActiveCfg = Debug|Any CPU
		{63F94995-792D-44F7-86BB-E3C4DE4DA109}.Debug|Any CPU.Build.0 = Debug|Any CPU
		{63F94995-792D-44F7-86BB-E3C4DE4DA109}.Release|Any CPU.ActiveCfg = Release|Any CPU
		{63F94995-792D-44F7-86BB-E3C4DE4DA109}.Release|Any CPU.Build.0 = Release|Any CPU
		{3C360CD4-C9F4-48B6-865B-4C140E7617A1}.Debug|Any CPU.ActiveCfg = Debug|Any CPU
		{3C360CD4-C9F4-48B6-865B-4C140E7617A1}.Debug|Any CPU.Build.0 = Debug|Any CPU
		{3C360CD4-C9F4-48B6-865B-4C140E7617A1}.Release|Any CPU.ActiveCfg = Release|Any CPU
		{3C360CD4-C9F4-48B6-865B-4C140E7617A1}.Release|Any CPU.Build.0 = Release|Any CPU
		{E584AC38-02CF-4070-98F6-C7B5CB567C36}.Debug|Any CPU.ActiveCfg = Release
		{E584AC38-02CF-4070-98F6-C7B5CB567C36}.Debug|Any CPU.Build.0 = Release
		{E584AC38-02CF-4070-98F6-C7B5CB567C36}.Release|Any CPU.ActiveCfg = Release
		{E584AC38-02CF-4070-98F6-C7B5CB567C36}.Release|Any CPU.Build.0 = Release
		{F7AFD556-A27F-4893-928E-3775A7399FA0}.Debug|Any CPU.ActiveCfg = Debug|Any CPU
		{F7AFD556-A27F-4893-928E-3775A7399FA0}.Debug|Any CPU.Build.0 = Debug|Any CPU
		{F7AFD556-A27F-4893-928E-3775A7399FA0}.Release|Any CPU.ActiveCfg = Release|Any CPU
		{F7AFD556-A27F-4893-928E-3775A7399FA0}.Release|Any CPU.Build.0 = Release|Any CPU
		{25D5E23B-7701-4FBE-A7B7-32ACF2D3E165}.Debug|Any CPU.ActiveCfg = Debug|Any CPU
		{25D5E23B-7701-4FBE-A7B7-32ACF2D3E165}.Debug|Any CPU.Build.0 = Debug|Any CPU
		{25D5E23B-7701-4FBE-A7B7-32ACF2D3E165}.Release|Any CPU.ActiveCfg = Release|Any CPU
		{25D5E23B-7701-4FBE-A7B7-32ACF2D3E165}.Release|Any CPU.Build.0 = Release|Any CPU
		{610A2DB1-1374-4D4A-8D4B-0A11A367393B}.Debug|Any CPU.ActiveCfg = Debug|Any CPU
		{610A2DB1-1374-4D4A-8D4B-0A11A367393B}.Debug|Any CPU.Build.0 = Debug|Any CPU
		{610A2DB1-1374-4D4A-8D4B-0A11A367393B}.Release|Any CPU.ActiveCfg = Release|Any CPU
		{610A2DB1-1374-4D4A-8D4B-0A11A367393B}.Release|Any CPU.Build.0 = Release|Any CPU
	EndGlobalSection
	GlobalSection(SolutionProperties) = preSolution
		HideSolutionNode = FALSE
	EndGlobalSection
EndGlobal
